
Microsoft Visual Studio Solution File, Format Version 12.00
# Visual Studio 2013
VisualStudioVersion = 12.0.31101.0
MinimumVisualStudioVersion = 10.0.40219.1
Project("{8BC9CEB8-8B4A-11D0-8D11-00A0C91BC942}") = "HexToBase64", "HexToBase64\HexToBase64.vcxproj", "{554A1AE4-5CFA-4AB2-A55C-6D24929B9EA3}"
EndProject
Project("{8BC9CEB8-8B4A-11D0-8D11-00A0C91BC942}") = "FixedXOR", "FixedXOR\FixedXOR.vcxproj", "{829E7FAD-A1B4-4F07-A21C-9603348C7840}"
EndProject
Global
	GlobalSection(SolutionConfigurationPlatforms) = preSolution
		Debug|Win32 = Debug|Win32
		Release|Win32 = Release|Win32
	EndGlobalSection
	GlobalSection(ProjectConfigurationPlatforms) = postSolution
		{554A1AE4-5CFA-4AB2-A55C-6D24929B9EA3}.Debug|Win32.ActiveCfg = Debug|Win32
		{554A1AE4-5CFA-4AB2-A55C-6D24929B9EA3}.Debug|Win32.Build.0 = Debug|Win32
		{554A1AE4-5CFA-4AB2-A55C-6D24929B9EA3}.Release|Win32.ActiveCfg = Release|Win32
		{554A1AE4-5CFA-4AB2-A55C-6D24929B9EA3}.Release|Win32.Build.0 = Release|Win32
		{829E7FAD-A1B4-4F07-A21C-9603348C7840}.Debug|Win32.ActiveCfg = Debug|Win32
		{829E7FAD-A1B4-4F07-A21C-9603348C7840}.Debug|Win32.Build.0 = Debug|Win32
		{829E7FAD-A1B4-4F07-A21C-9603348C7840}.Release|Win32.ActiveCfg = Release|Win32
		{829E7FAD-A1B4-4F07-A21C-9603348C7840}.Release|Win32.Build.0 = Release|Win32
	EndGlobalSection
	GlobalSection(SolutionProperties) = preSolution
		HideSolutionNode = FALSE
	EndGlobalSection
EndGlobal
